GIT
  remote: https://github.com/jruby/activerecord-jdbc-adapter.git
  revision: cf8e845f3341f02dbdef5d770b47fddbbb84c7ab
  branch: rails-5
  specs:
    activerecord-jdbc-adapter (5.0.pre1)
      activerecord (>= 2.2)
    activerecord-jdbcpostgresql-adapter (5.0.pre1)
      activerecord-jdbc-adapter (~> 5.0.pre1)
      jdbc-postgres (>= 9.1)
    activerecord-jdbcsqlite3-adapter (5.0.pre1)
      activerecord-jdbc-adapter (~> 5.0.pre1)
      jdbc-sqlite3 (>= 3.7.2, < 3.9)
    jdbc-postgres (9.3.1102)
    jdbc-sqlite3 (3.7.2.1)

GEM
  remote: https://rubygems.org/
  specs:
    activemodel (5.1.1)
      activesupport (= 5.1.1)
    activerecord (5.1.1)
      activemodel (= 5.1.1)
      activesupport (= 5.1.1)
      arel (~> 8.0)
    activesupport (5.1.1)
      concurrent-ruby (~> 1.0, >= 1.0.2)
      i18n (~> 0.7)
      minitest (~> 5.1)
      tzinfo (~> 1.1)
    ansi (1.5.0)
    arel (8.0.0)
    builder (3.2.3)
    concurrent-ruby (1.0.5)
    concurrent-ruby (1.0.5-java)
    docile (1.1.5)
    i18n (0.8.4)
    json (2.1.0)
    json (2.1.0-java)
    minitest (5.10.2)
    minitest-reporters (1.1.14)
      ansi
      builder
      minitest (>= 5.0)
      ruby-progressbar
    pg (0.21.0)
    rake (12.0.0)
    ruby-progressbar (1.8.1)
    simplecov (0.14.1)
      docile (~> 1.1.0)
      json (>= 1.8, < 3)
      simplecov-html (~> 0.10.0)
    simplecov-html (0.10.1)
    sqlite3 (1.3.13)
    thread_safe (0.3.6)
    thread_safe (0.3.6-java)
    tzinfo (1.2.3)
      thread_safe (~> 0.1)

PLATFORMS
  java
  ruby

DEPENDENCIES
  activerecord (~> 5.1.1)
  activerecord-jdbc-adapter!
  activerecord-jdbcpostgresql-adapter!
  activerecord-jdbcsqlite3-adapter!
  jdbc-postgres!
  jdbc-sqlite3!
  minitest-reporters
  pg
  rake
  simplecov
  sqlite3

BUNDLED WITH
   1.15.1
