GEM
  remote: https://rubygems.org/
  specs:
    activemodel (5.2.3)
      activesupport (= 5.2.3)
    activerecord (5.2.3)
      activemodel (= 5.2.3)
      activesupport (= 5.2.3)
      arel (>= 9.0)
    activerecord-jdbc-adapter (52.3-java)
      activerecord (~> 5.2.0)
    activerecord-jdbcderby-adapter (0.8.2)
      activerecord-jdbc-adapter (>= 0.8.2)
      jdbc-derby (>= 10.3.2.1)
    activerecord-jdbcpostgresql-adapter (52.3-java)
      activerecord-jdbc-adapter (= 52.3)
      jdbc-postgres (>= 9.4, < 43)
    activerecord-jdbcsqlite3-adapter (52.3-java)
      activerecord-jdbc-adapter (= 52.3)
      jdbc-sqlite3 (~> 3.8, < 3.30)
    activesupport (5.2.3)
      concurrent-ruby (~> 1.0, >= 1.0.2)
      i18n (>= 0.7, < 2)
      minitest (~> 5.1)
      tzinfo (~> 1.1)
    ansi (1.5.0)
    arel (9.0.0)
    builder (3.2.3)
    concurrent-ruby (1.1.5)
    docile (1.3.2)
    i18n (1.7.0)
      concurrent-ruby (~> 1.0)
    jdbc-derby (10.12.1.1)
    jdbc-postgres (42.2.6)
    jdbc-sqlite3 (3.28.0)
    json (2.2.0)
    json (2.2.0-java)
    minitest (5.12.2)
    minitest-reporters (1.4.1)
      ansi
      builder
      minitest (>= 5.0)
      ruby-progressbar
    pg (0.21.0)
    rake (12.3.3)
    ruby-progressbar (1.10.1)
    simplecov (0.17.1)
      docile (~> 1.1)
      json (>= 1.8, < 3)
      simplecov-html (~> 0.10.0)
    simplecov-html (0.10.2)
    sqlite3 (1.4.1)
    thread_safe (0.3.6)
    thread_safe (0.3.6-java)
    tzinfo (1.2.5)
      thread_safe (~> 0.1)

PLATFORMS
  java
  ruby

DEPENDENCIES
  activerecord (~> 5.2.0)
  activerecord-jdbc-adapter
  activerecord-jdbcderby-adapter
  activerecord-jdbcpostgresql-adapter
  activerecord-jdbcsqlite3-adapter
  minitest-reporters
  pg (< 1)
  rake
  simplecov
  sqlite3

BUNDLED WITH
   2.0.2
